// !$*UTF8*$!
{
	archiveVersion = 1;
	classes = {
	};
	objectVersion = 56;
	objects = {

/* Begin PBXBuildFile section */
		04F4F754A469EC5E35BA5E1F /* Pods_ChatApp.framework in Frameworks */ = {isa = PBXBuildFile; fileRef = 3E4587587B2F0530DED8B2D7 /* Pods_ChatApp.framework */; };
		CE36553D2A1D37740045EE97 /* Constants.swift in Sources */ = {isa = PBXBuildFile; fileRef = CE36553C2A1D37740045EE97 /* Constants.swift */; };
		CE36553F2A1D38DE0045EE97 /* Message.swift in Sources */ = {isa = PBXBuildFile; fileRef = CE36553E2A1D38DE0045EE97 /* Message.swift */; };
		CE5471AF2A1D1D49007BE0FE /* GoogleService-Info.plist in Resources */ = {isa = PBXBuildFile; fileRef = CE5471AE2A1D1D48007BE0FE /* GoogleService-Info.plist */; };
		CEFEB4192A1BCA0B00AC0A7C /* AppDelegate.swift in Sources */ = {isa = PBXBuildFile; fileRef = CEFEB4182A1BCA0B00AC0A7C /* AppDelegate.swift */; };
		CEFEB41B2A1BCA0B00AC0A7C /* SceneDelegate.swift in Sources */ = {isa = PBXBuildFile; fileRef = CEFEB41A2A1BCA0B00AC0A7C /* SceneDelegate.swift */; };
		CEFEB41D2A1BCA0B00AC0A7C /* WelcomeViewController.swift in Sources */ = {isa = PBXBuildFile; fileRef = CEFEB41C2A1BCA0B00AC0A7C /* WelcomeViewController.swift */; };
		CEFEB4222A1BCA0D00AC0A7C /* Assets.xcassets in Resources */ = {isa = PBXBuildFile; fileRef = CEFEB4212A1BCA0D00AC0A7C /* Assets.xcassets */; };
		CEFEB4252A1BCA0D00AC0A7C /* LaunchScreen.storyboard in Resources */ = {isa = PBXBuildFile; fileRef = CEFEB4232A1BCA0D00AC0A7C /* LaunchScreen.storyboard */; };
		CEFEB42D2A1BD3BB00AC0A7C /* RegisterViewController.swift in Sources */ = {isa = PBXBuildFile; fileRef = CEFEB42C2A1BD3BB00AC0A7C /* RegisterViewController.swift */; };
		CEFEB42F2A1BDC0C00AC0A7C /* LoginViewController.swift in Sources */ = {isa = PBXBuildFile; fileRef = CEFEB42E2A1BDC0C00AC0A7C /* LoginViewController.swift */; };
		CEFEB4312A1BDE0E00AC0A7C /* ChatViewController.swift in Sources */ = {isa = PBXBuildFile; fileRef = CEFEB4302A1BDE0E00AC0A7C /* ChatViewController.swift */; };
		CEFEB4332A1BE10E00AC0A7C /* MessageCell.swift in Sources */ = {isa = PBXBuildFile; fileRef = CEFEB4322A1BE10E00AC0A7C /* MessageCell.swift */; };
/* End PBXBuildFile section */

/* Begin PBXFileReference section */
		1E5506900104D7FD8D31C289 /* Pods-ChatApp.debug.xcconfig */ = {isa = PBXFileReference; includeInIndex = 1; lastKnownFileType = text.xcconfig; name = "Pods-ChatApp.debug.xcconfig"; path = "Target Support Files/Pods-ChatApp/Pods-ChatApp.debug.xcconfig"; sourceTree = "<group>"; };
		36903F029F8A7AB853AF5E7F /* Pods-ChatApp.release.xcconfig */ = {isa = PBXFileReference; includeInIndex = 1; lastKnownFileType = text.xcconfig; name = "Pods-ChatApp.release.xcconfig"; path = "Target Support Files/Pods-ChatApp/Pods-ChatApp.release.xcconfig"; sourceTree = "<group>"; };
		3E4587587B2F0530DED8B2D7 /* Pods_ChatApp.framework */ = {isa = PBXFileReference; explicitFileType = wrapper.framework; includeInIndex = 0; path = Pods_ChatApp.framework; sourceTree = BUILT_PRODUCTS_DIR; };
		CE36553C2A1D37740045EE97 /* Constants.swift */ = {isa = PBXFileReference; lastKnownFileType = sourcecode.swift; path = Constants.swift; sourceTree = "<group>"; };
		CE36553E2A1D38DE0045EE97 /* Message.swift */ = {isa = PBXFileReference; lastKnownFileType = sourcecode.swift; path = Message.swift; sourceTree = "<group>"; };
		CE5471AE2A1D1D48007BE0FE /* GoogleService-Info.plist */ = {isa = PBXFileReference; fileEncoding = 4; lastKnownFileType = text.plist.xml; path = "GoogleService-Info.plist"; sourceTree = "<group>"; };
		CEFEB4152A1BCA0B00AC0A7C /* ChatApp.app */ = {isa = PBXFileReference; explicitFileType = wrapper.application; includeInIndex = 0; path = ChatApp.app; sourceTree = BUILT_PRODUCTS_DIR; };
		CEFEB4182A1BCA0B00AC0A7C /* AppDelegate.swift */ = {isa = PBXFileReference; lastKnownFileType = sourcecode.swift; path = AppDelegate.swift; sourceTree = "<group>"; };
		CEFEB41A2A1BCA0B00AC0A7C /* SceneDelegate.swift */ = {isa = PBXFileReference; lastKnownFileType = sourcecode.swift; path = SceneDelegate.swift; sourceTree = "<group>"; };
		CEFEB41C2A1BCA0B00AC0A7C /* WelcomeViewController.swift */ = {isa = PBXFileReference; lastKnownFileType = sourcecode.swift; path = WelcomeViewController.swift; sourceTree = "<group>"; };
		CEFEB4212A1BCA0D00AC0A7C /* Assets.xcassets */ = {isa = PBXFileReference; lastKnownFileType = folder.assetcatalog; path = Assets.xcassets; sourceTree = "<group>"; };
		CEFEB4242A1BCA0D00AC0A7C /* Base */ = {isa = PBXFileReference; lastKnownFileType = file.storyboard; name = Base; path = Base.lproj/LaunchScreen.storyboard; sourceTree = "<group>"; };
		CEFEB4262A1BCA0D00AC0A7C /* Info.plist */ = {isa = PBXFileReference; lastKnownFileType = text.plist.xml; path = Info.plist; sourceTree = "<group>"; };
		CEFEB42C2A1BD3BB00AC0A7C /* RegisterViewController.swift */ = {isa = PBXFileReference; lastKnownFileType = sourcecode.swift; path = RegisterViewController.swift; sourceTree = "<group>"; };
		CEFEB42E2A1BDC0C00AC0A7C /* LoginViewController.swift */ = {isa = PBXFileReference; lastKnownFileType = sourcecode.swift; path = LoginViewController.swift; sourceTree = "<group>"; };
		CEFEB4302A1BDE0E00AC0A7C /* ChatViewController.swift */ = {isa = PBXFileReference; lastKnownFileType = sourcecode.swift; path = ChatViewController.swift; sourceTree = "<group>"; };
		CEFEB4322A1BE10E00AC0A7C /* MessageCell.swift */ = {isa = PBXFileReference; lastKnownFileType = sourcecode.swift; path = MessageCell.swift; sourceTree = "<group>"; };
/* End PBXFileReference section */

/* Begin PBXFrameworksBuildPhase section */
		CEFEB4122A1BCA0B00AC0A7C /* Frameworks */ = {
			isa = PBXFrameworksBuildPhase;
			buildActionMask = 2147483647;
			files = (
				04F4F754A469EC5E35BA5E1F /* Pods_ChatApp.framework in Frameworks */,
			);
			runOnlyForDeploymentPostprocessing = 0;
		};
/* End PBXFrameworksBuildPhase section */

/* Begin PBXGroup section */
		0EDFEC96FD078BD60531540C /* Pods */ = {
			isa = PBXGroup;
			children = (
				1E5506900104D7FD8D31C289 /* Pods-ChatApp.debug.xcconfig */,
				36903F029F8A7AB853AF5E7F /* Pods-ChatApp.release.xcconfig */,
			);
			path = Pods;
			sourceTree = "<group>";
		};
		66E9AF46048FE9340D07990F /* Frameworks */ = {
			isa = PBXGroup;
			children = (
				3E4587587B2F0530DED8B2D7 /* Pods_ChatApp.framework */,
			);
			name = Frameworks;
			sourceTree = "<group>";
		};
		CE36553B2A1D375B0045EE97 /* Constants */ = {
			isa = PBXGroup;
			children = (
				CE36553C2A1D37740045EE97 /* Constants.swift */,
			);
			path = Constants;
			sourceTree = "<group>";
		};
		CE3655402A1D38E50045EE97 /* Models */ = {
			isa = PBXGroup;
			children = (
				CE36553E2A1D38DE0045EE97 /* Message.swift */,
			);
			name = Models;
			path = ..;
			sourceTree = "<group>";
		};
		CEFEB40C2A1BCA0B00AC0A7C = {
			isa = PBXGroup;
			children = (
				CEFEB4172A1BCA0B00AC0A7C /* ChatApp */,
				CEFEB4162A1BCA0B00AC0A7C /* Products */,
				0EDFEC96FD078BD60531540C /* Pods */,
				66E9AF46048FE9340D07990F /* Frameworks */,
			);
			sourceTree = "<group>";
		};
		CEFEB4162A1BCA0B00AC0A7C /* Products */ = {
			isa = PBXGroup;
			children = (
				CEFEB4152A1BCA0B00AC0A7C /* ChatApp.app */,
			);
			name = Products;
			sourceTree = "<group>";
		};
		CEFEB4172A1BCA0B00AC0A7C /* ChatApp */ = {
			isa = PBXGroup;
			children = (
				CE3655402A1D38E50045EE97 /* Models */,
				CE36553B2A1D375B0045EE97 /* Constants */,
				CEFEB4182A1BCA0B00AC0A7C /* AppDelegate.swift */,
				CEFEB41A2A1BCA0B00AC0A7C /* SceneDelegate.swift */,
				CEFEB41C2A1BCA0B00AC0A7C /* WelcomeViewController.swift */,
				CEFEB4212A1BCA0D00AC0A7C /* Assets.xcassets */,
				CEFEB4232A1BCA0D00AC0A7C /* LaunchScreen.storyboard */,
				CEFEB4262A1BCA0D00AC0A7C /* Info.plist */,
				CE5471AE2A1D1D48007BE0FE /* GoogleService-Info.plist */,
				CEFEB42C2A1BD3BB00AC0A7C /* RegisterViewController.swift */,
				CEFEB42E2A1BDC0C00AC0A7C /* LoginViewController.swift */,
				CEFEB4302A1BDE0E00AC0A7C /* ChatViewController.swift */,
				CEFEB4322A1BE10E00AC0A7C /* MessageCell.swift */,
			);
			path = ChatApp;
			sourceTree = "<group>";
		};
/* End PBXGroup section */

/* Begin PBXNativeTarget section */
		CEFEB4142A1BCA0B00AC0A7C /* ChatApp */ = {
			isa = PBXNativeTarget;
			buildConfigurationList = CEFEB4292A1BCA0D00AC0A7C /* Build configuration list for PBXNativeTarget "ChatApp" */;
			buildPhases = (
				53C2A5A955CFE2B91D3B81A5 /* [CP] Check Pods Manifest.lock */,
				CEFEB4112A1BCA0B00AC0A7C /* Sources */,
				CEFEB4122A1BCA0B00AC0A7C /* Frameworks */,
				CEFEB4132A1BCA0B00AC0A7C /* Resources */,
				EA0E5DF7B3C75AAE94990C4A /* [CP] Embed Pods Frameworks */,
			);
			buildRules = (
			);
			dependencies = (
			);
			name = ChatApp;
			productName = ChatApp;
			productReference = CEFEB4152A1BCA0B00AC0A7C /* ChatApp.app */;
			productType = "com.apple.product-type.application";
		};
/* End PBXNativeTarget section */

/* Begin PBXProject section */
		CEFEB40D2A1BCA0B00AC0A7C /* Project object */ = {
			isa = PBXProject;
			attributes = {
				BuildIndependentTargetsInParallel = 1;
				LastSwiftUpdateCheck = 1430;
				LastUpgradeCheck = 1430;
				TargetAttributes = {
					CEFEB4142A1BCA0B00AC0A7C = {
						CreatedOnToolsVersion = 14.3;
					};
				};
			};
			buildConfigurationList = CEFEB4102A1BCA0B00AC0A7C /* Build configuration list for PBXProject "ChatApp" */;
			compatibilityVersion = "Xcode 14.0";
			developmentRegion = en;
			hasScannedForEncodings = 0;
			knownRegions = (
				en,
				Base,
			);
			mainGroup = CEFEB40C2A1BCA0B00AC0A7C;
			packageReferences = (
			);
			productRefGroup = CEFEB4162A1BCA0B00AC0A7C /* Products */;
			projectDirPath = "";
			projectRoot = "";
			targets = (
				CEFEB4142A1BCA0B00AC0A7C /* ChatApp */,
			);
		};
/* End PBXProject section */

/* Begin PBXResourcesBuildPhase section */
		CEFEB4132A1BCA0B00AC0A7C /* Resources */ = {
			isa = PBXResourcesBuildPhase;
			buildActionMask = 2147483647;
			files = (
				CEFEB4252A1BCA0D00AC0A7C /* LaunchScreen.storyboard in Resources */,
				CEFEB4222A1BCA0D00AC0A7C /* Assets.xcassets in Resources */,
				CE5471AF2A1D1D49007BE0FE /* GoogleService-Info.plist in Resources */,
			);
			runOnlyForDeploymentPostprocessing = 0;
		};
/* End PBXResourcesBuildPhase section */

/* Begin PBXShellScriptBuildPhase section */
		53C2A5A955CFE2B91D3B81A5 /* [CP] Check Pods Manifest.lock */ = {
			isa = PBXShellScriptBuildPhase;
			buildActionMask = 2147483647;
			files = (
			);
			inputFileListPaths = (
			);
			inputPaths = (
				"${PODS_PODFILE_DIR_PATH}/Podfile.lock",
				"${PODS_ROOT}/Manifest.lock",
			);
			name = "[CP] Check Pods Manifest.lock";
			outputFileListPaths = (
			);
			outputPaths = (
				"$(DERIVED_FILE_DIR)/Pods-ChatApp-checkManifestLockResult.txt",
			);
			runOnlyForDeploymentPostprocessing = 0;
			shellPath = /bin/sh;
			shellScript = "diff \"${PODS_PODFILE_DIR_PATH}/Podfile.lock\" \"${PODS_ROOT}/Manifest.lock\" > /dev/null\nif [ $? != 0 ] ; then\n    # print error to STDERR\n    echo \"error: The sandbox is not in sync with the Podfile.lock. Run 'pod install' or update your CocoaPods installation.\" >&2\n    exit 1\nfi\n# This output is used by Xcode 'outputs' to avoid re-running this script phase.\necho \"SUCCESS\" > \"${SCRIPT_OUTPUT_FILE_0}\"\n";
			showEnvVarsInLog = 0;
		};
		EA0E5DF7B3C75AAE94990C4A /* [CP] Embed Pods Frameworks */ = {
			isa = PBXShellScriptBuildPhase;
			buildActionMask = 2147483647;
			files = (
			);
			inputFileListPaths = (
				"${PODS_ROOT}/Target Support Files/Pods-ChatApp/Pods-ChatApp-frameworks-${CONFIGURATION}-input-files.xcfilelist",
			);
			name = "[CP] Embed Pods Frameworks";
			outputFileListPaths = (
				"${PODS_ROOT}/Target Support Files/Pods-ChatApp/Pods-ChatApp-frameworks-${CONFIGURATION}-output-files.xcfilelist",
			);
			runOnlyForDeploymentPostprocessing = 0;
			shellPath = /bin/sh;
			shellScript = "\"${PODS_ROOT}/Target Support Files/Pods-ChatApp/Pods-ChatApp-frameworks.sh\"\n";
			showEnvVarsInLog = 0;
		};
/* End PBXShellScriptBuildPhase section */

/* Begin PBXSourcesBuildPhase section */
		CEFEB4112A1BCA0B00AC0A7C /* Sources */ = {
			isa = PBXSourcesBuildPhase;
			buildActionMask = 2147483647;
			files = (
				CEFEB41D2A1BCA0B00AC0A7C /* WelcomeViewController.swift in Sources */,
				CEFEB4192A1BCA0B00AC0A7C /* AppDelegate.swift in Sources */,
				CEFEB41B2A1BCA0B00AC0A7C /* SceneDelegate.swift in Sources */,
				CE36553F2A1D38DE0045EE97 /* Message.swift in Sources */,
				CEFEB42F2A1BDC0C00AC0A7C /* LoginViewController.swift in Sources */,
				CEFEB4312A1BDE0E00AC0A7C /* ChatViewController.swift in Sources */,
				CEFEB4332A1BE10E00AC0A7C /* MessageCell.swift in Sources */,
				CEFEB42D2A1BD3BB00AC0A7C /* RegisterViewController.swift in Sources */,
				CE36553D2A1D37740045EE97 /* Constants.swift in Sources */,
			);
			runOnlyForDeploymentPostprocessing = 0;
		};
/* End PBXSourcesBuildPhase section */

/* Begin PBXVariantGroup section */
		CEFEB4232A1BCA0D00AC0A7C /* LaunchScreen.storyboard */ = {
			isa = PBXVariantGroup;
			children = (
				CEFEB4242A1BCA0D00AC0A7C /* Base */,
			);
			name = LaunchScreen.storyboard;
			sourceTree = "<group>";
		};
/* End PBXVariantGroup section */

/* Begin XCBuildConfiguration section */
		CEFEB4272A1BCA0D00AC0A7C /* Debug */ = {
			isa = XCBuildConfiguration;
			buildSettings = {
				ALWAYS_SEARCH_USER_PATHS = NO;
				CLANG_ANALYZER_NONNULL = YES;
				CLANG_ANALYZER_NUMBER_OBJECT_CONVERSION = YES_AGGRESSIVE;
				CLANG_CXX_LANGUAGE_STANDARD = "gnu++20";
				CLANG_ENABLE_MODULES = YES;
				CLANG_ENABLE_OBJC_ARC = YES;
				CLANG_ENABLE_OBJC_WEAK = YES;
				CLANG_WARN_BLOCK_CAPTURE_AUTORELEASING = YES;
				CLANG_WARN_BOOL_CONVERSION = YES;
				CLANG_WARN_COMMA = YES;
				CLANG_WARN_CONSTANT_CONVERSION = YES;
				CLANG_WARN_DEPRECATED_OBJC_IMPLEMENTATIONS = YES;
				CLANG_WARN_DIRECT_OBJC_ISA_USAGE = YES_ERROR;
				CLANG_WARN_DOCUMENTATION_COMMENTS = YES;
				CLANG_WARN_EMPTY_BODY = YES;
				CLANG_WARN_ENUM_CONVERSION = YES;
				CLANG_WARN_INFINITE_RECURSION = YES;
				CLANG_WARN_INT_CONVERSION = YES;
				CLANG_WARN_NON_LITERAL_NULL_CONVERSION = YES;
				CLANG_WARN_OBJC_IMPLICIT_RETAIN_SELF = YES;
				CLANG_WARN_OBJC_LITERAL_CONVERSION = YES;
				CLANG_WARN_OBJC_ROOT_CLASS = YES_ERROR;
				CLANG_WARN_QUOTED_INCLUDE_IN_FRAMEWORK_HEADER = YES;
				CLANG_WARN_RANGE_LOOP_ANALYSIS = YES;
				CLANG_WARN_STRICT_PROTOTYPES = YES;
				CLANG_WARN_SUSPICIOUS_MOVE = YES;
				CLANG_WARN_UNGUARDED_AVAILABILITY = YES_AGGRESSIVE;
				CLANG_WARN_UNREACHABLE_CODE = YES;
				CLANG_WARN__DUPLICATE_METHOD_MATCH = YES;
				COPY_PHASE_STRIP = NO;
				DEBUG_INFORMATION_FORMAT = dwarf;
				ENABLE_STRICT_OBJC_MSGSEND = YES;
				ENABLE_TESTABILITY = YES;
				GCC_C_LANGUAGE_STANDARD = gnu11;
				GCC_DYNAMIC_NO_PIC = NO;
				GCC_NO_COMMON_BLOCKS = YES;
				GCC_OPTIMIZATION_LEVEL = 0;
				GCC_PREPROCESSOR_DEFINITIONS = (
					"DEBUG=1",
					"$(inherited)",
				);
				GCC_WARN_64_TO_32_BIT_CONVERSION = YES;
				GCC_WARN_ABOUT_RETURN_TYPE = YES_ERROR;
				GCC_WARN_UNDECLARED_SELECTOR = YES;
				GCC_WARN_UNINITIALIZED_AUTOS = YES_AGGRESSIVE;
				GCC_WARN_UNUSED_FUNCTION = YES;
				GCC_WARN_UNUSED_VARIABLE = YES;
				IPHONEOS_DEPLOYMENT_TARGET = 16.4;
				MTL_ENABLE_DEBUG_INFO = INCLUDE_SOURCE;
				MTL_FAST_MATH = YES;
				ONLY_ACTIVE_ARCH = YES;
				SDKROOT = iphoneos;
				SWIFT_ACTIVE_COMPILATION_CONDITIONS = DEBUG;
				SWIFT_OPTIMIZATION_LEVEL = "-Onone";
			};
			name = Debug;
		};
		CEFEB4282A1BCA0D00AC0A7C /* Release */ = {
			isa = XCBuildConfiguration;
			buildSettings = {
				ALWAYS_SEARCH_USER_PATHS = NO;
				CLANG_ANALYZER_NONNULL = YES;
				CLANG_ANALYZER_NUMBER_OBJECT_CONVERSION = YES_AGGRESSIVE;
				CLANG_CXX_LANGUAGE_STANDARD = "gnu++20";
				CLANG_ENABLE_MODULES = YES;
				CLANG_ENABLE_OBJC_ARC = YES;
				CLANG_ENABLE_OBJC_WEAK = YES;
				CLANG_WARN_BLOCK_CAPTURE_AUTORELEASING = YES;
				CLANG_WARN_BOOL_CONVERSION = YES;
				CLANG_WARN_COMMA = YES;
				CLANG_WARN_CONSTANT_CONVERSION = YES;
				CLANG_WARN_DEPRECATED_OBJC_IMPLEMENTATIONS = YES;
				CLANG_WARN_DIRECT_OBJC_ISA_USAGE = YES_ERROR;
				CLANG_WARN_DOCUMENTATION_COMMENTS = YES;
				CLANG_WARN_EMPTY_BODY = YES;
				CLANG_WARN_ENUM_CONVERSION = YES;
				CLANG_WARN_INFINITE_RECURSION = YES;
				CLANG_WARN_INT_CONVERSION = YES;
				CLANG_WARN_NON_LITERAL_NULL_CONVERSION = YES;
				CLANG_WARN_OBJC_IMPLICIT_RETAIN_SELF = YES;
				CLANG_WARN_OBJC_LITERAL_CONVERSION = YES;
				CLANG_WARN_OBJC_ROOT_CLASS = YES_ERROR;
				CLANG_WARN_QUOTED_INCLUDE_IN_FRAMEWORK_HEADER = YES;
				CLANG_WARN_RANGE_LOOP_ANALYSIS = YES;
				CLANG_WARN_STRICT_PROTOTYPES = YES;
				CLANG_WARN_SUSPICIOUS_MOVE = YES;
				CLANG_WARN_UNGUARDED_AVAILABILITY = YES_AGGRESSIVE;
				CLANG_WARN_UNREACHABLE_CODE = YES;
				CLANG_WARN__DUPLICATE_METHOD_MATCH = YES;
				COPY_PHASE_STRIP = NO;
				DEBUG_INFORMATION_FORMAT = "dwarf-with-dsym";
				ENABLE_NS_ASSERTIONS = NO;
				ENABLE_STRICT_OBJC_MSGSEND = YES;
				GCC_C_LANGUAGE_STANDARD = gnu11;
				GCC_NO_COMMON_BLOCKS = YES;
				GCC_WARN_64_TO_32_BIT_CONVERSION = YES;
				GCC_WARN_ABOUT_RETURN_TYPE = YES_ERROR;
				GCC_WARN_UNDECLARED_SELECTOR = YES;
				GCC_WARN_UNINITIALIZED_AUTOS = YES_AGGRESSIVE;
				GCC_WARN_UNUSED_FUNCTION = YES;
				GCC_WARN_UNUSED_VARIABLE = YES;
				IPHONEOS_DEPLOYMENT_TARGET = 16.4;
				MTL_ENABLE_DEBUG_INFO = NO;
				MTL_FAST_MATH = YES;
				SDKROOT = iphoneos;
				SWIFT_COMPILATION_MODE = wholemodule;
				SWIFT_OPTIMIZATION_LEVEL = "-O";
				VALIDATE_PRODUCT = YES;
			};
			name = Release;
		};
		CEFEB42A2A1BCA0D00AC0A7C /* Debug */ = {
			isa = XCBuildConfiguration;
			baseConfigurationReference = 1E5506900104D7FD8D31C289 /* Pods-ChatApp.debug.xcconfig */;
			buildSettings = {
				ASSETCATALOG_COMPILER_APPICON_NAME = AppIcon;
				ASSETCATALOG_COMPILER_GLOBAL_ACCENT_COLOR_NAME = AccentColor;
				CODE_SIGN_STYLE = Automatic;
				CURRENT_PROJECT_VERSION = 1;
				DEVELOPMENT_TEAM = 6FFHC98QW6;
				GENERATE_INFOPLIST_FILE = YES;
				INFOPLIST_FILE = ChatApp/Info.plist;
				INFOPLIST_KEY_UIApplicationSupportsIndirectInputEvents = YES;
				INFOPLIST_KEY_UILaunchStoryboardName = LaunchScreen;
				INFOPLIST_KEY_UISupportedInterfaceOrientations_iPad = "UIInterfaceOrientationPortrait UIInterfaceOrientationPortraitUpsideDown UIInterfaceOrientationLandscapeLeft UIInterfaceOrientationLandscapeRight";
				INFOPLIST_KEY_UISupportedInterfaceOrientations_iPhone = "UIInterfaceOrientationPortrait UIInterfaceOrientationLandscapeLeft UIInterfaceOrientationLandscapeRight";
				LD_RUNPATH_SEARCH_PATHS = (
					"$(inherited)",
					"@executable_path/Frameworks",
				);
				MARKETING_VERSION = 1.0;
				PRODUCT_BUNDLE_IDENTIFIER = testcompany.ChatApp;
				PRODUCT_NAME = "$(TARGET_NAME)";
				SWIFT_EMIT_LOC_STRINGS = YES;
				SWIFT_VERSION = 5.0;
				TARGETED_DEVICE_FAMILY = "1,2";
			};
			name = Debug;
		};
		CEFEB42B2A1BCA0D00AC0A7C /* Release */ = {
			isa = XCBuildConfiguration;
			baseConfigurationReference = 36903F029F8A7AB853AF5E7F /* Pods-ChatApp.release.xcconfig */;
			buildSettings = {
				ASSETCATALOG_COMPILER_APPICON_NAME = AppIcon;
				ASSETCATALOG_COMPILER_GLOBAL_ACCENT_COLOR_NAME = AccentColor;
				CODE_SIGN_STYLE = Automatic;
				CURRENT_PROJECT_VERSION = 1;
				DEVELOPMENT_TEAM = 6FFHC98QW6;
				GENERATE_INFOPLIST_FILE = YES;
				INFOPLIST_FILE = ChatApp/Info.plist;
				INFOPLIST_KEY_UIApplicationSupportsIndirectInputEvents = YES;
				INFOPLIST_KEY_UILaunchStoryboardName = LaunchScreen;
				INFOPLIST_KEY_UISupportedInterfaceOrientations_iPad = "UIInterfaceOrientationPortrait UIInterfaceOrientationPortraitUpsideDown UIInterfaceOrientationLandscapeLeft UIInterfaceOrientationLandscapeRight";
				INFOPLIST_KEY_UISupportedInterfaceOrientations_iPhone = "UIInterfaceOrientationPortrait UIInterfaceOrientationLandscapeLeft UIInterfaceOrientationLandscapeRight";
				LD_RUNPATH_SEARCH_PATHS = (
					"$(inherited)",
					"@executable_path/Frameworks",
				);
				MARKETING_VERSION = 1.0;
				PRODUCT_BUNDLE_IDENTIFIER = testcompany.ChatApp;
				PRODUCT_NAME = "$(TARGET_NAME)";
				SWIFT_EMIT_LOC_STRINGS = YES;
				SWIFT_VERSION = 5.0;
				TARGETED_DEVICE_FAMILY = "1,2";
			};
			name = Release;
		};
/* End XCBuildConfiguration section */

/* Begin XCConfigurationList section */
		CEFEB4102A1BCA0B00AC0A7C /* Build configuration list for PBXProject "ChatApp" */ = {
			isa = XCConfigurationList;
			buildConfigurations = (
				CEFEB4272A1BCA0D00AC0A7C /* Debug */,
				CEFEB4282A1BCA0D00AC0A7C /* Release */,
			);
			defaultConfigurationIsVisible = 0;
			defaultConfigurationName = Release;
		};
		CEFEB4292A1BCA0D00AC0A7C /* Build configuration list for PBXNativeTarget "ChatApp" */ = {
			isa = XCConfigurationList;
			buildConfigurations = (
				CEFEB42A2A1BCA0D00AC0A7C /* Debug */,
				CEFEB42B2A1BCA0D00AC0A7C /* Release */,
			);
			defaultConfigurationIsVisible = 0;
			defaultConfigurationName = Release;
		};
/* End XCConfigurationList section */
	};
	rootObject = CEFEB40D2A1BCA0B00AC0A7C /* Project object */;
}
